<?xml version="1.0" encoding="UTF-8" standalone="yes" ?>
<CodeBlocks_project_file>
	<FileVersion major="1" minor="6" />
	<Project>
		<Option title="TM" />
		<Option pch_mode="0" />
		<Option compiler="gcc" />
		<Build>
			<Target title="Debug">
				<Option output="bin/Debug/TM" prefix_auto="1" extension_auto="1" />
				<Option object_output="obj/Debug/" />
				<Option type="0" />
				<Option compiler="gcc" />
				<Option projectLinkerOptionsRelation="2" />
				<Compiler>
					<Add option="-g" />
					<Add option="-D__WXDEBUG__" />
					<Add directory="C:/wxWidgets-3.1.0/lib/gcc_dll/mswud" />
				</Compiler>
				<ResourceCompiler>
					<Add directory="C:/wxWidgets-3.1.0/lib/gcc_dll/mswud" />
				</ResourceCompiler>
				<Linker>
					<Add library="libwxmsw31ud_core.a" />
					<Add library="libwxbase31ud.a" />
					<Add library="libwxpngd.a" />
					<Add library="libwxzlibd.a" />
					<Add directory="C:/wxWidgets-3.1.0/lib/gcc_dll" />
				</Linker>
			</Target>
			<Target title="Release">
				<Option output="bin/Release/TM" prefix_auto="1" extension_auto="1" />
				<Option object_output="obj/Release/" />
				<Option type="0" />
				<Option compiler="gcc" />
				<Option projectLinkerOptionsRelation="2" />
				<Compiler>
					<Add option="-O2" />
					<Add directory="C:/wxWidgets-3.1.0/lib/gcc_dll/mswu" />
				</Compiler>
				<ResourceCompiler>
					<Add directory="C:/wxWidgets-3.1.0/lib/gcc_dll/mswu" />
				</ResourceCompiler>
				<Linker>
					<Add option="-s" />
					<Add library="libwxmsw31u_core.a" />
					<Add library="libwxbase31u.a" />
					<Add library="libwxpng.a" />
					<Add library="libwxzlib.a" />
					<Add directory="C:/wxWidgets-3.1.0/lib/gcc_dll" />
				</Linker>
			</Target>
		</Build>
		<Compiler>
			<Add option="-pipe" />
			<Add option="-mthreads" />
			<Add option="-D__GNUWIN32__" />
			<Add option="-D__WXMSW__" />
			<Add option="-DWXUSINGDLL" />
			<Add option="-DwxUSE_UNICODE" />
			<Add option="-Winvalid-pch" />
			<Add option="-include wx_pch.h" />
			<Add option="-DWX_PRECOMP" />
			<Add option="-Wall" />
			<Add directory="C:/wxWidgets-3.1.0/include" />
		</Compiler>
		<ResourceCompiler>
			<Add directory="C:/wxWidgets-3.1.0/include" />
		</ResourceCompiler>
		<Linker>
			<Add option="-mthreads" />
		</Linker>
		<Unit filename="TMApp.cpp" />
		<Unit filename="TMApp.h" />
		<Unit filename="TMMain.cpp" />
		<Unit filename="TMMain.h" />
		<Unit filename="resource.rc">
			<Option compilerVar="WINDRES" />
		</Unit>
		<Unit filename="wx_pch.h">
			<Option compile="1" />
			<Option weight="0" />
		</Unit>
		<Unit filename="wxsmith/TMframe.wxs" />
		<Extensions>
			<code_completion />
			<envvars />
			<debugger />
			<lib_finder disable_auto="1" />
			<wxsmith version="1">
				<gui name="wxWidgets" src="TMApp.cpp" main="TMFrame" init_handlers="necessary" language="CPP" />
				<resources>
					<wxFrame wxs="wxsmith/TMframe.wxs" src="TMMain.cpp" hdr="TMMain.h" fwddecl="0" i18n="1" name="TMFrame" language="CPP" />
				</resources>
			</wxsmith>
		</Extensions>
	</Project>
</CodeBlocks_project_file>
